
Microsoft Visual Studio Solution File, Format Version 12.00
# Visual Studio Version 16
VisualStudioVersion = 16.0.34031.81
MinimumVisualStudioVersion = 10.0.40219.1
Project("{2150E333-8FDC-42A3-9474-1A3956D46DE8}") = "Task0", "Task0", "{C4DDCE14-3AED-453D-B995-7AC0D0893C66}"
EndProject
Project("{FAE04EC0-301F-11D3-BF4B-00C04F79EFBC}") = "Tyuiu.DudkovIE.Sprint1.Task0.V0", "Tyuiu.DudkovIE.Sprint1.Task0.V0\Tyuiu.DudkovIE.Sprint1.Task0.V0.csproj", "{C95A69E5-D3C1-4558-930E-FA1E7ACA6646}"
EndProject
Project("{FAE04EC0-301F-11D3-BF4B-00C04F79EFBC}") = "Tyuiu.DudkovIE.Sprint1.Task0.V0.Lib", "Tyuiu.DudkovIE.Sprint1.Task0.V0.Lib\Tyuiu.DudkovIE.Sprint1.Task0.V0.Lib.csproj", "{D34B37A4-3F81-49D0-9F80-55FEED1F0410}"
EndProject
Project("{FAE04EC0-301F-11D3-BF4B-00C04F79EFBC}") = "Tyuiu.DudkovIE.Sprint1.Task0.V0.Test", "Tyuiu.DudkovIE.Sprint1.Task0.V0.Test\Tyuiu.DudkovIE.Sprint1.Task0.V0.Test.csproj", "{6366D4C1-E780-4346-9EF5-D9D55D9C9C39}"
EndProject
Project("{2150E333-8FDC-42A3-9474-1A3956D46DE8}") = "Task1", "Task1", "{2C234C00-C2D3-4408-881A-5B5766FF0CDC}"
EndProject
Project("{FAE04EC0-301F-11D3-BF4B-00C04F79EFBC}") = "Tyuiu.DudkovIE.Sprint1.Task1.V14", "Tyuiu.DudkovIE.Sprint1.Task1.V14\Tyuiu.DudkovIE.Sprint1.Task1.V14.csproj", "{24573610-E0E5-47FA-BF0C-933937D9075A}"
EndProject
Project("{FAE04EC0-301F-11D3-BF4B-00C04F79EFBC}") = "Tyuiu.DudkovIE.Sprint1.Task1.V14.Lib", "Tyuiu.DudkovIE.Sprint1.Task1.V14.Lib\Tyuiu.DudkovIE.Sprint1.Task1.V14.Lib.csproj", "{298FF4F2-707D-49B5-9F83-0AC89B6B0232}"
EndProject
Project("{FAE04EC0-301F-11D3-BF4B-00C04F79EFBC}") = "Tyuiu.DudkovIE.Sprint1.Task1.V14.Test", "Tyuiu.DudkovIE.Sprint1.Task1.V14.Test\Tyuiu.DudkovIE.Sprint1.Task1.V14.Test.csproj", "{83E33F9B-5619-4A85-AF8F-CFCEA97BD4BD}"
EndProject
Project("{2150E333-8FDC-42A3-9474-1A3956D46DE8}") = "Task2", "Task2", "{32143AD9-28DE-49D6-84AE-18F502F1ECC5}"
EndProject
Project("{FAE04EC0-301F-11D3-BF4B-00C04F79EFBC}") = "Tyuiu.DudkovIE.Sprint1.Task2.V19", "Tyuiu.DudkovIE.Sprint1.Task2.V19\Tyuiu.DudkovIE.Sprint1.Task2.V19.csproj", "{28EB69E1-D64E-4194-ABAD-80269C09D17E}"
EndProject
Project("{FAE04EC0-301F-11D3-BF4B-00C04F79EFBC}") = "Tyuiu.DudkovIE.Sprint1.Task2.V19.Lib", "Tyuiu.DudkovIE.Sprint1.Task2.V19.Lib\Tyuiu.DudkovIE.Sprint1.Task2.V19.Lib.csproj", "{E8C7CF91-1BFD-47A3-8BE7-DB138CCA81F3}"
EndProject
Project("{FAE04EC0-301F-11D3-BF4B-00C04F79EFBC}") = "Tyuiu.DudkovIE.Sprint1.Task2.V19.Test", "Tyuiu.DudkovIE.Sprint1.Task2.V19.Test\Tyuiu.DudkovIE.Sprint1.Task2.V19.Test.csproj", "{70E6952F-7061-43D7-A338-D51CACF7ED48}"
EndProject
Project("{2150E333-8FDC-42A3-9474-1A3956D46DE8}") = "Task3", "Task3", "{CCB9B247-6B4C-4E98-8413-A0C1C783F19F}"
EndProject
Project("{FAE04EC0-301F-11D3-BF4B-00C04F79EFBC}") = "Tyuiu.DudkovIE.Sprint1.Task3.V7", "Tyuiu.DudkovIE.Sprint1.Task3.V7\Tyuiu.DudkovIE.Sprint1.Task3.V7.csproj", "{915ED67C-1ECE-4DA0-BF9C-FAC4E9484652}"
EndProject
Project("{FAE04EC0-301F-11D3-BF4B-00C04F79EFBC}") = "Tyuiu.DudkovIE.Sprint1.Task3.V7.Lib", "Tyuiu.DudkovIE.Sprint1.Task3.V7.Lib\Tyuiu.DudkovIE.Sprint1.Task3.V7.Lib.csproj", "{42C2B0D6-F127-4254-9AD0-4B928DFCB1E1}"
EndProject
Project("{FAE04EC0-301F-11D3-BF4B-00C04F79EFBC}") = "Tyuiu.DudkovIE.Sprint1.Task3.V7.Test", "Tyuiu.DudkovIE.Sprint1.Task3.V7.Test\Tyuiu.DudkovIE.Sprint1.Task3.V7.Test.csproj", "{1D8498E6-1EF2-48C8-AEFF-21F8098A69EC}"
EndProject
Project("{2150E333-8FDC-42A3-9474-1A3956D46DE8}") = "Task4", "Task4", "{43CCD572-E088-430D-BE60-6EBB1EEE4191}"
EndProject
Project("{FAE04EC0-301F-11D3-BF4B-00C04F79EFBC}") = "Tyuiu.DudkovIE.Sprint1.Task4.V30", "Tyuiu.DudkovIE.Sprint1.Task4.V30\Tyuiu.DudkovIE.Sprint1.Task4.V30.csproj", "{A6614D3F-0456-4184-BEBD-C43117124EB5}"
EndProject
Project("{FAE04EC0-301F-11D3-BF4B-00C04F79EFBC}") = "Tyuiu.DudkovIE.Sprint1.Task4.V30.Lib", "Tyuiu.DudkovIE.Sprint1.Task4.V30.Lib\Tyuiu.DudkovIE.Sprint1.Task4.V30.Lib.csproj", "{2A52196E-E451-4F60-BD18-C66FABA75027}"
EndProject
Project("{FAE04EC0-301F-11D3-BF4B-00C04F79EFBC}") = "Tyuiu.DudkovIE.Sprint1.Task4.V30.Test", "Tyuiu.DudkovIE.Sprint1.Task4.V30.Test\Tyuiu.DudkovIE.Sprint1.Task4.V30.Test.csproj", "{B4E05CF8-4CA0-45C9-804F-263A276600F7}"
EndProject
Project("{FAE04EC0-301F-11D3-BF4B-00C04F79EFBC}") = "Tyuiu.DudkovIE.Sprint1.Task5.V1", "Tyuiu.DudkovIE.Sprint1.Task5.V1\Tyuiu.DudkovIE.Sprint1.Task5.V1.csproj", "{53D7FA71-C8EA-4541-851F-643997C8360A}"
EndProject
Project("{FAE04EC0-301F-11D3-BF4B-00C04F79EFBC}") = "Tyuiu.DudkovIE.Sprint1.Task5.V1.Lib", "Tyuiu.DudkovIE.Sprint1.Task5.V1.Lib\Tyuiu.DudkovIE.Sprint1.Task5.V1.Lib.csproj", "{F839AA95-70CB-4F4F-836A-81B113586530}"
EndProject
Project("{FAE04EC0-301F-11D3-BF4B-00C04F79EFBC}") = "Tyuiu.DudkovIE.Sprint1.Task5.V1.Test", "Tyuiu.DudkovIE.Sprint1.Task5.V1.Test\Tyuiu.DudkovIE.Sprint1.Task5.V1.Test.csproj", "{0C140993-A4B2-4746-BD8D-F0EF05F7A39E}"
EndProject
Project("{2150E333-8FDC-42A3-9474-1A3956D46DE8}") = "Task5", "Task5", "{7CFB7E7E-5098-4C44-B9A6-E2649B46DB51}"
EndProject
Project("{2150E333-8FDC-42A3-9474-1A3956D46DE8}") = "Task6", "Task6", "{66D4FB4D-9B6E-425A-8E25-03EF7C71E196}"
EndProject
Project("{FAE04EC0-301F-11D3-BF4B-00C04F79EFBC}") = "Tyuiu.DudkovIE.Sprint1.Task6.V7", "Tyuiu.DudkovIE.Sprint1.Task6.V7\Tyuiu.DudkovIE.Sprint1.Task6.V7.csproj", "{1610A9CD-D2BC-4726-AA81-07731BCE9DD7}"
EndProject
Project("{FAE04EC0-301F-11D3-BF4B-00C04F79EFBC}") = "Tyuiu.DudkovIE.Sprint1.Task6.V7.Lib", "Tyuiu.DudkovIE.Sprint1.Task6.V7.Lib\Tyuiu.DudkovIE.Sprint1.Task6.V7.Lib.csproj", "{A8D71CCD-12EE-4DFD-B38A-A532F381E138}"
EndProject
Project("{FAE04EC0-301F-11D3-BF4B-00C04F79EFBC}") = "Tyuiu.DudkovIE.Sprint1.Task6.V7.Test", "Tyuiu.DudkovIE.Sprint1.Task6.V7.Test\Tyuiu.DudkovIE.Sprint1.Task6.V7.Test.csproj", "{5196FF96-4C0D-49E4-9D0F-1BB863AAF92B}"
EndProject
Project("{2150E333-8FDC-42A3-9474-1A3956D46DE8}") = "Task7", "Task7", "{B7F05E21-79A2-4A55-8B83-C5FACF1E995C}"
EndProject
Project("{FAE04EC0-301F-11D3-BF4B-00C04F79EFBC}") = "Tyuiu.DudkovIE.Sprint1.Task7.V21", "Tyuiu.DudkovIE.Sprint1.Task7.V21\Tyuiu.DudkovIE.Sprint1.Task7.V21.csproj", "{238C2D9A-1C36-4BB2-8778-FB8DE85F0ED0}"
EndProject
Project("{FAE04EC0-301F-11D3-BF4B-00C04F79EFBC}") = "Tyuiu.DudkovIE.Sprint1.Task7.V21.Lib", "Tyuiu.DudkovIE.Sprint1.Task7.V21.Lib\Tyuiu.DudkovIE.Sprint1.Task7.V21.Lib.csproj", "{C8FD3615-A074-4EA0-B839-BD4C7E833832}"
EndProject
Project("{FAE04EC0-301F-11D3-BF4B-00C04F79EFBC}") = "Tyuiu.DudkovIE.Sprint1.Task7.V21.Test", "Tyuiu.DudkovIE.Sprint1.Task7.V21.Test\Tyuiu.DudkovIE.Sprint1.Task7.V21.Test.csproj", "{1C53EEE1-6EAA-4EE5-9F54-FADDB7F3CF3E}"
EndProject
Global
	GlobalSection(SolutionConfigurationPlatforms) = preSolution
		Debug|Any CPU = Debug|Any CPU
		Release|Any CPU = Release|Any CPU
	EndGlobalSection
	GlobalSection(ProjectConfigurationPlatforms) = postSolution
		{C95A69E5-D3C1-4558-930E-FA1E7ACA6646}.Debug|Any CPU.ActiveCfg = Debug|Any CPU
		{C95A69E5-D3C1-4558-930E-FA1E7ACA6646}.Debug|Any CPU.Build.0 = Debug|Any CPU
		{C95A69E5-D3C1-4558-930E-FA1E7ACA6646}.Release|Any CPU.ActiveCfg = Release|Any CPU
		{C95A69E5-D3C1-4558-930E-FA1E7ACA6646}.Release|Any CPU.Build.0 = Release|Any CPU
		{D34B37A4-3F81-49D0-9F80-55FEED1F0410}.Debug|Any CPU.ActiveCfg = Debug|Any CPU
		{D34B37A4-3F81-49D0-9F80-55FEED1F0410}.Debug|Any CPU.Build.0 = Debug|Any CPU
		{D34B37A4-3F81-49D0-9F80-55FEED1F0410}.Release|Any CPU.ActiveCfg = Release|Any CPU
		{D34B37A4-3F81-49D0-9F80-55FEED1F0410}.Release|Any CPU.Build.0 = Release|Any CPU
		{6366D4C1-E780-4346-9EF5-D9D55D9C9C39}.Debug|Any CPU.ActiveCfg = Debug|Any CPU
		{6366D4C1-E780-4346-9EF5-D9D55D9C9C39}.Debug|Any CPU.Build.0 = Debug|Any CPU
		{6366D4C1-E780-4346-9EF5-D9D55D9C9C39}.Release|Any CPU.ActiveCfg = Release|Any CPU
		{6366D4C1-E780-4346-9EF5-D9D55D9C9C39}.Release|Any CPU.Build.0 = Release|Any CPU
		{24573610-E0E5-47FA-BF0C-933937D9075A}.Debug|Any CPU.ActiveCfg = Debug|Any CPU
		{24573610-E0E5-47FA-BF0C-933937D9075A}.Debug|Any CPU.Build.0 = Debug|Any CPU
		{24573610-E0E5-47FA-BF0C-933937D9075A}.Release|Any CPU.ActiveCfg = Release|Any CPU
		{24573610-E0E5-47FA-BF0C-933937D9075A}.Release|Any CPU.Build.0 = Release|Any CPU
		{298FF4F2-707D-49B5-9F83-0AC89B6B0232}.Debug|Any CPU.ActiveCfg = Debug|Any CPU
		{298FF4F2-707D-49B5-9F83-0AC89B6B0232}.Debug|Any CPU.Build.0 = Debug|Any CPU
		{298FF4F2-707D-49B5-9F83-0AC89B6B0232}.Release|Any CPU.ActiveCfg = Release|Any CPU
		{298FF4F2-707D-49B5-9F83-0AC89B6B0232}.Release|Any CPU.Build.0 = Release|Any CPU
		{83E33F9B-5619-4A85-AF8F-CFCEA97BD4BD}.Debug|Any CPU.ActiveCfg = Debug|Any CPU
		{83E33F9B-5619-4A85-AF8F-CFCEA97BD4BD}.Debug|Any CPU.Build.0 = Debug|Any CPU
		{83E33F9B-5619-4A85-AF8F-CFCEA97BD4BD}.Release|Any CPU.ActiveCfg = Release|Any CPU
		{83E33F9B-5619-4A85-AF8F-CFCEA97BD4BD}.Release|Any CPU.Build.0 = Release|Any CPU
		{28EB69E1-D64E-4194-ABAD-80269C09D17E}.Debug|Any CPU.ActiveCfg = Debug|Any CPU
		{28EB69E1-D64E-4194-ABAD-80269C09D17E}.Debug|Any CPU.Build.0 = Debug|Any CPU
		{28EB69E1-D64E-4194-ABAD-80269C09D17E}.Release|Any CPU.ActiveCfg = Release|Any CPU
		{28EB69E1-D64E-4194-ABAD-80269C09D17E}.Release|Any CPU.Build.0 = Release|Any CPU
		{E8C7CF91-1BFD-47A3-8BE7-DB138CCA81F3}.Debug|Any CPU.ActiveCfg = Debug|Any CPU
		{E8C7CF91-1BFD-47A3-8BE7-DB138CCA81F3}.Debug|Any CPU.Build.0 = Debug|Any CPU
		{E8C7CF91-1BFD-47A3-8BE7-DB138CCA81F3}.Release|Any CPU.ActiveCfg = Release|Any CPU
		{E8C7CF91-1BFD-47A3-8BE7-DB138CCA81F3}.Release|Any CPU.Build.0 = Release|Any CPU
		{70E6952F-7061-43D7-A338-D51CACF7ED48}.Debug|Any CPU.ActiveCfg = Debug|Any CPU
		{70E6952F-7061-43D7-A338-D51CACF7ED48}.Debug|Any CPU.Build.0 = Debug|Any CPU
		{70E6952F-7061-43D7-A338-D51CACF7ED48}.Release|Any CPU.ActiveCfg = Release|Any CPU
		{70E6952F-7061-43D7-A338-D51CACF7ED48}.Release|Any CPU.Build.0 = Release|Any CPU
		{915ED67C-1ECE-4DA0-BF9C-FAC4E9484652}.Debug|Any CPU.ActiveCfg = Debug|Any CPU
		{915ED67C-1ECE-4DA0-BF9C-FAC4E9484652}.Debug|Any CPU.Build.0 = Debug|Any CPU
		{915ED67C-1ECE-4DA0-BF9C-FAC4E9484652}.Release|Any CPU.ActiveCfg = Release|Any CPU
		{915ED67C-1ECE-4DA0-BF9C-FAC4E9484652}.Release|Any CPU.Build.0 = Release|Any CPU
		{42C2B0D6-F127-4254-9AD0-4B928DFCB1E1}.Debug|Any CPU.ActiveCfg = Debug|Any CPU
		{42C2B0D6-F127-4254-9AD0-4B928DFCB1E1}.Debug|Any CPU.Build.0 = Debug|Any CPU
		{42C2B0D6-F127-4254-9AD0-4B928DFCB1E1}.Release|Any CPU.ActiveCfg = Release|Any CPU
		{42C2B0D6-F127-4254-9AD0-4B928DFCB1E1}.Release|Any CPU.Build.0 = Release|Any CPU
		{1D8498E6-1EF2-48C8-AEFF-21F8098A69EC}.Debug|Any CPU.ActiveCfg = Debug|Any CPU
		{1D8498E6-1EF2-48C8-AEFF-21F8098A69EC}.Debug|Any CPU.Build.0 = Debug|Any CPU
		{1D8498E6-1EF2-48C8-AEFF-21F8098A69EC}.Release|Any CPU.ActiveCfg = Release|Any CPU
		{1D8498E6-1EF2-48C8-AEFF-21F8098A69EC}.Release|Any CPU.Build.0 = Release|Any CPU
		{A6614D3F-0456-4184-BEBD-C43117124EB5}.Debug|Any CPU.ActiveCfg = Debug|Any CPU
		{A6614D3F-0456-4184-BEBD-C43117124EB5}.Debug|Any CPU.Build.0 = Debug|Any CPU
		{A6614D3F-0456-4184-BEBD-C43117124EB5}.Release|Any CPU.ActiveCfg = Release|Any CPU
		{A6614D3F-0456-4184-BEBD-C43117124EB5}.Release|Any CPU.Build.0 = Release|Any CPU
		{2A52196E-E451-4F60-BD18-C66FABA75027}.Debug|Any CPU.ActiveCfg = Debug|Any CPU
		{2A52196E-E451-4F60-BD18-C66FABA75027}.Debug|Any CPU.Build.0 = Debug|Any CPU
		{2A52196E-E451-4F60-BD18-C66FABA75027}.Release|Any CPU.ActiveCfg = Release|Any CPU
		{2A52196E-E451-4F60-BD18-C66FABA75027}.Release|Any CPU.Build.0 = Release|Any CPU
		{B4E05CF8-4CA0-45C9-804F-263A276600F7}.Debug|Any CPU.ActiveCfg = Debug|Any CPU
		{B4E05CF8-4CA0-45C9-804F-263A276600F7}.Debug|Any CPU.Build.0 = Debug|Any CPU
		{B4E05CF8-4CA0-45C9-804F-263A276600F7}.Release|Any CPU.ActiveCfg = Release|Any CPU
		{B4E05CF8-4CA0-45C9-804F-263A276600F7}.Release|Any CPU.Build.0 = Release|Any CPU
		{53D7FA71-C8EA-4541-851F-643997C8360A}.Debug|Any CPU.ActiveCfg = Debug|Any CPU
		{53D7FA71-C8EA-4541-851F-643997C8360A}.Debug|Any CPU.Build.0 = Debug|Any CPU
		{53D7FA71-C8EA-4541-851F-643997C8360A}.Release|Any CPU.ActiveCfg = Release|Any CPU
		{53D7FA71-C8EA-4541-851F-643997C8360A}.Release|Any CPU.Build.0 = Release|Any CPU
		{F839AA95-70CB-4F4F-836A-81B113586530}.Debug|Any CPU.ActiveCfg = Debug|Any CPU
		{F839AA95-70CB-4F4F-836A-81B113586530}.Debug|Any CPU.Build.0 = Debug|Any CPU
		{F839AA95-70CB-4F4F-836A-81B113586530}.Release|Any CPU.ActiveCfg = Release|Any CPU
		{F839AA95-70CB-4F4F-836A-81B113586530}.Release|Any CPU.Build.0 = Release|Any CPU
		{0C140993-A4B2-4746-BD8D-F0EF05F7A39E}.Debug|Any CPU.ActiveCfg = Debug|Any CPU
		{0C140993-A4B2-4746-BD8D-F0EF05F7A39E}.Debug|Any CPU.Build.0 = Debug|Any CPU
		{0C140993-A4B2-4746-BD8D-F0EF05F7A39E}.Release|Any CPU.ActiveCfg = Release|Any CPU
		{0C140993-A4B2-4746-BD8D-F0EF05F7A39E}.Release|Any CPU.Build.0 = Release|Any CPU
		{1610A9CD-D2BC-4726-AA81-07731BCE9DD7}.Debug|Any CPU.ActiveCfg = Debug|Any CPU
		{1610A9CD-D2BC-4726-AA81-07731BCE9DD7}.Debug|Any CPU.Build.0 = Debug|Any CPU
		{1610A9CD-D2BC-4726-AA81-07731BCE9DD7}.Release|Any CPU.ActiveCfg = Release|Any CPU
		{1610A9CD-D2BC-4726-AA81-07731BCE9DD7}.Release|Any CPU.Build.0 = Release|Any CPU
		{A8D71CCD-12EE-4DFD-B38A-A532F381E138}.Debug|Any CPU.ActiveCfg = Debug|Any CPU
		{A8D71CCD-12EE-4DFD-B38A-A532F381E138}.Debug|Any CPU.Build.0 = Debug|Any CPU
		{A8D71CCD-12EE-4DFD-B38A-A532F381E138}.Release|Any CPU.ActiveCfg = Release|Any CPU
		{A8D71CCD-12EE-4DFD-B38A-A532F381E138}.Release|Any CPU.Build.0 = Release|Any CPU
		{5196FF96-4C0D-49E4-9D0F-1BB863AAF92B}.Debug|Any CPU.ActiveCfg = Debug|Any CPU
		{5196FF96-4C0D-49E4-9D0F-1BB863AAF92B}.Debug|Any CPU.Build.0 = Debug|Any CPU
		{5196FF96-4C0D-49E4-9D0F-1BB863AAF92B}.Release|Any CPU.ActiveCfg = Release|Any CPU
		{5196FF96-4C0D-49E4-9D0F-1BB863AAF92B}.Release|Any CPU.Build.0 = Release|Any CPU
		{238C2D9A-1C36-4BB2-8778-FB8DE85F0ED0}.Debug|Any CPU.ActiveCfg = Debug|Any CPU
		{238C2D9A-1C36-4BB2-8778-FB8DE85F0ED0}.Debug|Any CPU.Build.0 = Debug|Any CPU
		{238C2D9A-1C36-4BB2-8778-FB8DE85F0ED0}.Release|Any CPU.ActiveCfg = Release|Any CPU
		{238C2D9A-1C36-4BB2-8778-FB8DE85F0ED0}.Release|Any CPU.Build.0 = Release|Any CPU
		{C8FD3615-A074-4EA0-B839-BD4C7E833832}.Debug|Any CPU.ActiveCfg = Debug|Any CPU
		{C8FD3615-A074-4EA0-B839-BD4C7E833832}.Debug|Any CPU.Build.0 = Debug|Any CPU
		{C8FD3615-A074-4EA0-B839-BD4C7E833832}.Release|Any CPU.ActiveCfg = Release|Any CPU
		{C8FD3615-A074-4EA0-B839-BD4C7E833832}.Release|Any CPU.Build.0 = Release|Any CPU
		{1C53EEE1-6EAA-4EE5-9F54-FADDB7F3CF3E}.Debug|Any CPU.ActiveCfg = Debug|Any CPU
		{1C53EEE1-6EAA-4EE5-9F54-FADDB7F3CF3E}.Debug|Any CPU.Build.0 = Debug|Any CPU
		{1C53EEE1-6EAA-4EE5-9F54-FADDB7F3CF3E}.Release|Any CPU.ActiveCfg = Release|Any CPU
		{1C53EEE1-6EAA-4EE5-9F54-FADDB7F3CF3E}.Release|Any CPU.Build.0 = Release|Any CPU
	EndGlobalSection
	GlobalSection(SolutionProperties) = preSolution
		HideSolutionNode = FALSE
	EndGlobalSection
	GlobalSection(NestedProjects) = preSolution
		{C95A69E5-D3C1-4558-930E-FA1E7ACA6646} = {C4DDCE14-3AED-453D-B995-7AC0D0893C66}
		{D34B37A4-3F81-49D0-9F80-55FEED1F0410} = {C4DDCE14-3AED-453D-B995-7AC0D0893C66}
		{6366D4C1-E780-4346-9EF5-D9D55D9C9C39} = {C4DDCE14-3AED-453D-B995-7AC0D0893C66}
		{24573610-E0E5-47FA-BF0C-933937D9075A} = {2C234C00-C2D3-4408-881A-5B5766FF0CDC}
		{298FF4F2-707D-49B5-9F83-0AC89B6B0232} = {2C234C00-C2D3-4408-881A-5B5766FF0CDC}
		{83E33F9B-5619-4A85-AF8F-CFCEA97BD4BD} = {2C234C00-C2D3-4408-881A-5B5766FF0CDC}
		{28EB69E1-D64E-4194-ABAD-80269C09D17E} = {32143AD9-28DE-49D6-84AE-18F502F1ECC5}
		{E8C7CF91-1BFD-47A3-8BE7-DB138CCA81F3} = {32143AD9-28DE-49D6-84AE-18F502F1ECC5}
		{70E6952F-7061-43D7-A338-D51CACF7ED48} = {32143AD9-28DE-49D6-84AE-18F502F1ECC5}
		{915ED67C-1ECE-4DA0-BF9C-FAC4E9484652} = {CCB9B247-6B4C-4E98-8413-A0C1C783F19F}
		{42C2B0D6-F127-4254-9AD0-4B928DFCB1E1} = {CCB9B247-6B4C-4E98-8413-A0C1C783F19F}
		{1D8498E6-1EF2-48C8-AEFF-21F8098A69EC} = {CCB9B247-6B4C-4E98-8413-A0C1C783F19F}
		{A6614D3F-0456-4184-BEBD-C43117124EB5} = {43CCD572-E088-430D-BE60-6EBB1EEE4191}
		{2A52196E-E451-4F60-BD18-C66FABA75027} = {43CCD572-E088-430D-BE60-6EBB1EEE4191}
		{B4E05CF8-4CA0-45C9-804F-263A276600F7} = {43CCD572-E088-430D-BE60-6EBB1EEE4191}
		{53D7FA71-C8EA-4541-851F-643997C8360A} = {7CFB7E7E-5098-4C44-B9A6-E2649B46DB51}
		{F839AA95-70CB-4F4F-836A-81B113586530} = {7CFB7E7E-5098-4C44-B9A6-E2649B46DB51}
		{0C140993-A4B2-4746-BD8D-F0EF05F7A39E} = {7CFB7E7E-5098-4C44-B9A6-E2649B46DB51}
		{1610A9CD-D2BC-4726-AA81-07731BCE9DD7} = {66D4FB4D-9B6E-425A-8E25-03EF7C71E196}
		{A8D71CCD-12EE-4DFD-B38A-A532F381E138} = {66D4FB4D-9B6E-425A-8E25-03EF7C71E196}
		{5196FF96-4C0D-49E4-9D0F-1BB863AAF92B} = {66D4FB4D-9B6E-425A-8E25-03EF7C71E196}
		{238C2D9A-1C36-4BB2-8778-FB8DE85F0ED0} = {B7F05E21-79A2-4A55-8B83-C5FACF1E995C}
		{C8FD3615-A074-4EA0-B839-BD4C7E833832} = {B7F05E21-79A2-4A55-8B83-C5FACF1E995C}
		{1C53EEE1-6EAA-4EE5-9F54-FADDB7F3CF3E} = {B7F05E21-79A2-4A55-8B83-C5FACF1E995C}
	EndGlobalSection
	GlobalSection(ExtensibilityGlobals) = postSolution
		SolutionGuid = {2904541A-6062-498A-82DA-EE60FD20C240}
	EndGlobalSection
EndGlobal
