
Microsoft Visual Studio Solution File, Format Version 12.00
# Visual Studio Version 16
VisualStudioVersion = 16.0.34031.81
MinimumVisualStudioVersion = 10.0.40219.1
Project("{2150E333-8FDC-42A3-9474-1A3956D46DE8}") = "Task0", "Task0", "{C4DDCE14-3AED-453D-B995-7AC0D0893C66}"
EndProject
Project("{FAE04EC0-301F-11D3-BF4B-00C04F79EFBC}") = "Tyuiu.DudkovIE.Sprint1.Task0.V0", "Tyuiu.DudkovIE.Sprint1.Task0.V0\Tyuiu.DudkovIE.Sprint1.Task0.V0.csproj", "{C95A69E5-D3C1-4558-930E-FA1E7ACA6646}"
EndProject
Project("{FAE04EC0-301F-11D3-BF4B-00C04F79EFBC}") = "Tyuiu.DudkovIE.Sprint1.Task0.V0.Lib", "Tyuiu.DudkovIE.Sprint1.Task0.V0.Lib\Tyuiu.DudkovIE.Sprint1.Task0.V0.Lib.csproj", "{D34B37A4-3F81-49D0-9F80-55FEED1F0410}"
EndProject
Project("{FAE04EC0-301F-11D3-BF4B-00C04F79EFBC}") = "Tyuiu.DudkovIE.Sprint1.Task0.V0.Test", "Tyuiu.DudkovIE.Sprint1.Task0.V0.Test\Tyuiu.DudkovIE.Sprint1.Task0.V0.Test.csproj", "{6366D4C1-E780-4346-9EF5-D9D55D9C9C39}"
EndProject
Project("{2150E333-8FDC-42A3-9474-1A3956D46DE8}") = "Task1", "Task1", "{2C234C00-C2D3-4408-881A-5B5766FF0CDC}"
EndProject
Project("{FAE04EC0-301F-11D3-BF4B-00C04F79EFBC}") = "Tyuiu.DudkovIE.Sprint1.Task1.V14", "Tyuiu.DudkovIE.Sprint1.Task1.V14\Tyuiu.DudkovIE.Sprint1.Task1.V14.csproj", "{24573610-E0E5-47FA-BF0C-933937D9075A}"
EndProject
Project("{FAE04EC0-301F-11D3-BF4B-00C04F79EFBC}") = "Tyuiu.DudkovIE.Sprint1.Task1.V14.Lib", "Tyuiu.DudkovIE.Sprint1.Task1.V14.Lib\Tyuiu.DudkovIE.Sprint1.Task1.V14.Lib.csproj", "{298FF4F2-707D-49B5-9F83-0AC89B6B0232}"
EndProject
Project("{FAE04EC0-301F-11D3-BF4B-00C04F79EFBC}") = "Tyuiu.DudkovIE.Sprint1.Task1.V14.Test", "Tyuiu.DudkovIE.Sprint1.Task1.V14.Test\Tyuiu.DudkovIE.Sprint1.Task1.V14.Test.csproj", "{83E33F9B-5619-4A85-AF8F-CFCEA97BD4BD}"
EndProject
Project("{2150E333-8FDC-42A3-9474-1A3956D46DE8}") = "Task2", "Task2", "{32143AD9-28DE-49D6-84AE-18F502F1ECC5}"
EndProject
Project("{FAE04EC0-301F-11D3-BF4B-00C04F79EFBC}") = "Tyuiu.DudkovIE.Sprint1.Task2.V19", "Tyuiu.DudkovIE.Sprint1.Task2.V19\Tyuiu.DudkovIE.Sprint1.Task2.V19.csproj", "{28EB69E1-D64E-4194-ABAD-80269C09D17E}"
EndProject
Project("{FAE04EC0-301F-11D3-BF4B-00C04F79EFBC}") = "Tyuiu.DudkovIE.Sprint1.Task2.V19.Lib", "Tyuiu.DudkovIE.Sprint1.Task2.V19.Lib\Tyuiu.DudkovIE.Sprint1.Task2.V19.Lib.csproj", "{E8C7CF91-1BFD-47A3-8BE7-DB138CCA81F3}"
EndProject
Project("{FAE04EC0-301F-11D3-BF4B-00C04F79EFBC}") = "Tyuiu.DudkovIE.Sprint1.Task2.V19.Test", "Tyuiu.DudkovIE.Sprint1.Task2.V19.Test\Tyuiu.DudkovIE.Sprint1.Task2.V19.Test.csproj", "{70E6952F-7061-43D7-A338-D51CACF7ED48}"
EndProject
Global
	GlobalSection(SolutionConfigurationPlatforms) = preSolution
		Debug|Any CPU = Debug|Any CPU
		Release|Any CPU = Release|Any CPU
	EndGlobalSection
	GlobalSection(ProjectConfigurationPlatforms) = postSolution
		{C95A69E5-D3C1-4558-930E-FA1E7ACA6646}.Debug|Any CPU.ActiveCfg = Debug|Any CPU
		{C95A69E5-D3C1-4558-930E-FA1E7ACA6646}.Debug|Any CPU.Build.0 = Debug|Any CPU
		{C95A69E5-D3C1-4558-930E-FA1E7ACA6646}.Release|Any CPU.ActiveCfg = Release|Any CPU
		{C95A69E5-D3C1-4558-930E-FA1E7ACA6646}.Release|Any CPU.Build.0 = Release|Any CPU
		{D34B37A4-3F81-49D0-9F80-55FEED1F0410}.Debug|Any CPU.ActiveCfg = Debug|Any CPU
		{D34B37A4-3F81-49D0-9F80-55FEED1F0410}.Debug|Any CPU.Build.0 = Debug|Any CPU
		{D34B37A4-3F81-49D0-9F80-55FEED1F0410}.Release|Any CPU.ActiveCfg = Release|Any CPU
		{D34B37A4-3F81-49D0-9F80-55FEED1F0410}.Release|Any CPU.Build.0 = Release|Any CPU
		{6366D4C1-E780-4346-9EF5-D9D55D9C9C39}.Debug|Any CPU.ActiveCfg = Debug|Any CPU
		{6366D4C1-E780-4346-9EF5-D9D55D9C9C39}.Debug|Any CPU.Build.0 = Debug|Any CPU
		{6366D4C1-E780-4346-9EF5-D9D55D9C9C39}.Release|Any CPU.ActiveCfg = Release|Any CPU
		{6366D4C1-E780-4346-9EF5-D9D55D9C9C39}.Release|Any CPU.Build.0 = Release|Any CPU
		{24573610-E0E5-47FA-BF0C-933937D9075A}.Debug|Any CPU.ActiveCfg = Debug|Any CPU
		{24573610-E0E5-47FA-BF0C-933937D9075A}.Debug|Any CPU.Build.0 = Debug|Any CPU
		{24573610-E0E5-47FA-BF0C-933937D9075A}.Release|Any CPU.ActiveCfg = Release|Any CPU
		{24573610-E0E5-47FA-BF0C-933937D9075A}.Release|Any CPU.Build.0 = Release|Any CPU
		{298FF4F2-707D-49B5-9F83-0AC89B6B0232}.Debug|Any CPU.ActiveCfg = Debug|Any CPU
		{298FF4F2-707D-49B5-9F83-0AC89B6B0232}.Debug|Any CPU.Build.0 = Debug|Any CPU
		{298FF4F2-707D-49B5-9F83-0AC89B6B0232}.Release|Any CPU.ActiveCfg = Release|Any CPU
		{298FF4F2-707D-49B5-9F83-0AC89B6B0232}.Release|Any CPU.Build.0 = Release|Any CPU
		{83E33F9B-5619-4A85-AF8F-CFCEA97BD4BD}.Debug|Any CPU.ActiveCfg = Debug|Any CPU
		{83E33F9B-5619-4A85-AF8F-CFCEA97BD4BD}.Debug|Any CPU.Build.0 = Debug|Any CPU
		{83E33F9B-5619-4A85-AF8F-CFCEA97BD4BD}.Release|Any CPU.ActiveCfg = Release|Any CPU
		{83E33F9B-5619-4A85-AF8F-CFCEA97BD4BD}.Release|Any CPU.Build.0 = Release|Any CPU
		{28EB69E1-D64E-4194-ABAD-80269C09D17E}.Debug|Any CPU.ActiveCfg = Debug|Any CPU
		{28EB69E1-D64E-4194-ABAD-80269C09D17E}.Debug|Any CPU.Build.0 = Debug|Any CPU
		{28EB69E1-D64E-4194-ABAD-80269C09D17E}.Release|Any CPU.ActiveCfg = Release|Any CPU
		{28EB69E1-D64E-4194-ABAD-80269C09D17E}.Release|Any CPU.Build.0 = Release|Any CPU
		{E8C7CF91-1BFD-47A3-8BE7-DB138CCA81F3}.Debug|Any CPU.ActiveCfg = Debug|Any CPU
		{E8C7CF91-1BFD-47A3-8BE7-DB138CCA81F3}.Debug|Any CPU.Build.0 = Debug|Any CPU
		{E8C7CF91-1BFD-47A3-8BE7-DB138CCA81F3}.Release|Any CPU.ActiveCfg = Release|Any CPU
		{E8C7CF91-1BFD-47A3-8BE7-DB138CCA81F3}.Release|Any CPU.Build.0 = Release|Any CPU
		{70E6952F-7061-43D7-A338-D51CACF7ED48}.Debug|Any CPU.ActiveCfg = Debug|Any CPU
		{70E6952F-7061-43D7-A338-D51CACF7ED48}.Debug|Any CPU.Build.0 = Debug|Any CPU
		{70E6952F-7061-43D7-A338-D51CACF7ED48}.Release|Any CPU.ActiveCfg = Release|Any CPU
		{70E6952F-7061-43D7-A338-D51CACF7ED48}.Release|Any CPU.Build.0 = Release|Any CPU
	EndGlobalSection
	GlobalSection(SolutionProperties) = preSolution
		HideSolutionNode = FALSE
	EndGlobalSection
	GlobalSection(NestedProjects) = preSolution
		{C95A69E5-D3C1-4558-930E-FA1E7ACA6646} = {C4DDCE14-3AED-453D-B995-7AC0D0893C66}
		{D34B37A4-3F81-49D0-9F80-55FEED1F0410} = {C4DDCE14-3AED-453D-B995-7AC0D0893C66}
		{6366D4C1-E780-4346-9EF5-D9D55D9C9C39} = {C4DDCE14-3AED-453D-B995-7AC0D0893C66}
		{24573610-E0E5-47FA-BF0C-933937D9075A} = {2C234C00-C2D3-4408-881A-5B5766FF0CDC}
		{298FF4F2-707D-49B5-9F83-0AC89B6B0232} = {2C234C00-C2D3-4408-881A-5B5766FF0CDC}
		{83E33F9B-5619-4A85-AF8F-CFCEA97BD4BD} = {2C234C00-C2D3-4408-881A-5B5766FF0CDC}
		{28EB69E1-D64E-4194-ABAD-80269C09D17E} = {32143AD9-28DE-49D6-84AE-18F502F1ECC5}
		{E8C7CF91-1BFD-47A3-8BE7-DB138CCA81F3} = {32143AD9-28DE-49D6-84AE-18F502F1ECC5}
		{70E6952F-7061-43D7-A338-D51CACF7ED48} = {32143AD9-28DE-49D6-84AE-18F502F1ECC5}
	EndGlobalSection
	GlobalSection(ExtensibilityGlobals) = postSolution
		SolutionGuid = {2904541A-6062-498A-82DA-EE60FD20C240}
	EndGlobalSection
EndGlobal
